// !$*UTF8*$!
{
	archiveVersion = 1;
	classes = {
	};
	objectVersion = 56;
	objects = {

/* Begin PBXBuildFile section */
		567D1F13296D898900CAD71B /* XCoordinator in Frameworks */ = {isa = PBXBuildFile; productRef = 567D1F12296D898900CAD71B /* XCoordinator */; };
		567D1F15296D898900CAD71B /* XCoordinatorRx in Frameworks */ = {isa = PBXBuildFile; productRef = 567D1F14296D898900CAD71B /* XCoordinatorRx */; };
		567D1F2B296D917200CAD71B /* NetworkError.swift in Sources */ = {isa = PBXBuildFile; fileRef = 567D1F2A296D917200CAD71B /* NetworkError.swift */; };
		567D1F2D296D919A00CAD71B /* ServiceAPICall.swift in Sources */ = {isa = PBXBuildFile; fileRef = 567D1F2C296D919A00CAD71B /* ServiceAPICall.swift */; };
		567D1F30296D925900CAD71B /* URLSession+Misc.swift in Sources */ = {isa = PBXBuildFile; fileRef = 567D1F2F296D925900CAD71B /* URLSession+Misc.swift */; };
		567D1F32296D9A8000CAD71B /* URLSessionProtocol.swift in Sources */ = {isa = PBXBuildFile; fileRef = 567D1F31296D9A8000CAD71B /* URLSessionProtocol.swift */; };
		567D1F35296D9B2300CAD71B /* RxCocoa in Frameworks */ = {isa = PBXBuildFile; productRef = 567D1F34296D9B2300CAD71B /* RxCocoa */; };
		567D1F37296D9B2300CAD71B /* RxRelay in Frameworks */ = {isa = PBXBuildFile; productRef = 567D1F36296D9B2300CAD71B /* RxRelay */; };
		567D1F39296D9B2300CAD71B /* RxSwift in Frameworks */ = {isa = PBXBuildFile; productRef = 567D1F38296D9B2300CAD71B /* RxSwift */; };
		567D1F3B296DA2DC00CAD71B /* ProductsResponse.swift in Sources */ = {isa = PBXBuildFile; fileRef = 567D1F3A296DA2DC00CAD71B /* ProductsResponse.swift */; };
		567D1F3D296DA37E00CAD71B /* ProductsAPIService.swift in Sources */ = {isa = PBXBuildFile; fileRef = 567D1F3C296DA37E00CAD71B /* ProductsAPIService.swift */; };
		567D1F3F296DA41900CAD71B /* APIRequest.swift in Sources */ = {isa = PBXBuildFile; fileRef = 567D1F3E296DA41900CAD71B /* APIRequest.swift */; };
		567D1F43296DDBBF00CAD71B /* ProductsRepository.swift in Sources */ = {isa = PBXBuildFile; fileRef = 567D1F42296DDBBF00CAD71B /* ProductsRepository.swift */; };
		567D1F48296DDC1000CAD71B /* ProductsRepositoryProtocol.swift in Sources */ = {isa = PBXBuildFile; fileRef = 567D1F47296DDC1000CAD71B /* ProductsRepositoryProtocol.swift */; };
		567D1F4D296DDDDC00CAD71B /* ProductsUseCase.swift in Sources */ = {isa = PBXBuildFile; fileRef = 567D1F4C296DDDDC00CAD71B /* ProductsUseCase.swift */; };
		567D1F50296DDE3400CAD71B /* ProductsUseCaseProtocol.swift in Sources */ = {isa = PBXBuildFile; fileRef = 567D1F4F296DDE3400CAD71B /* ProductsUseCaseProtocol.swift */; };
		567D1F59296DDF5700CAD71B /* AppCoordinator.swift in Sources */ = {isa = PBXBuildFile; fileRef = 567D1F58296DDF5700CAD71B /* AppCoordinator.swift */; };
		567D1F5F296DDFA800CAD71B /* HomeViewController.swift in Sources */ = {isa = PBXBuildFile; fileRef = 567D1F5E296DDFA800CAD71B /* HomeViewController.swift */; };
		567D1F61296DDFC200CAD71B /* HomeCoordinator.swift in Sources */ = {isa = PBXBuildFile; fileRef = 567D1F60296DDFC200CAD71B /* HomeCoordinator.swift */; };
		567D1F63296DDFD000CAD71B /* HomeViewModel.swift in Sources */ = {isa = PBXBuildFile; fileRef = 567D1F62296DDFD000CAD71B /* HomeViewModel.swift */; };
		56E36CF6296C92CB000745E5 /* AppDelegate.swift in Sources */ = {isa = PBXBuildFile; fileRef = 56E36CF5296C92CB000745E5 /* AppDelegate.swift */; };
		56E36CFF296C92CC000745E5 /* Assets.xcassets in Resources */ = {isa = PBXBuildFile; fileRef = 56E36CFE296C92CC000745E5 /* Assets.xcassets */; };
		56E36D02296C92CC000745E5 /* LaunchScreen.storyboard in Resources */ = {isa = PBXBuildFile; fileRef = 56E36D00296C92CC000745E5 /* LaunchScreen.storyboard */; };
		56E36D0D296C92CC000745E5 /* DigioStoreTests.swift in Sources */ = {isa = PBXBuildFile; fileRef = 56E36D0C296C92CC000745E5 /* DigioStoreTests.swift */; };
		56E36D17296C92CD000745E5 /* DigioStoreUITests.swift in Sources */ = {isa = PBXBuildFile; fileRef = 56E36D16296C92CD000745E5 /* DigioStoreUITests.swift */; };
		56E36D19296C92CD000745E5 /* DigioStoreUITestsLaunchTests.swift in Sources */ = {isa = PBXBuildFile; fileRef = 56E36D18296C92CD000745E5 /* DigioStoreUITestsLaunchTests.swift */; };
/* End PBXBuildFile section */

/* Begin PBXContainerItemProxy section */
		56E36D09296C92CC000745E5 /* PBXContainerItemProxy */ = {
			isa = PBXContainerItemProxy;
			containerPortal = 56E36CEA296C92CB000745E5 /* Project object */;
			proxyType = 1;
			remoteGlobalIDString = 56E36CF1296C92CB000745E5;
			remoteInfo = DigioStore;
		};
		56E36D13296C92CD000745E5 /* PBXContainerItemProxy */ = {
			isa = PBXContainerItemProxy;
			containerPortal = 56E36CEA296C92CB000745E5 /* Project object */;
			proxyType = 1;
			remoteGlobalIDString = 56E36CF1296C92CB000745E5;
			remoteInfo = DigioStore;
		};
/* End PBXContainerItemProxy section */

/* Begin PBXFileReference section */
		567D1F2A296D917200CAD71B /* NetworkError.swift */ = {isa = PBXFileReference; lastKnownFileType = sourcecode.swift; path = NetworkError.swift; sourceTree = "<group>"; };
		567D1F2C296D919A00CAD71B /* ServiceAPICall.swift */ = {isa = PBXFileReference; lastKnownFileType = sourcecode.swift; path = ServiceAPICall.swift; sourceTree = "<group>"; };
		567D1F2F296D925900CAD71B /* URLSession+Misc.swift */ = {isa = PBXFileReference; lastKnownFileType = sourcecode.swift; path = "URLSession+Misc.swift"; sourceTree = "<group>"; };
		567D1F31296D9A8000CAD71B /* URLSessionProtocol.swift */ = {isa = PBXFileReference; lastKnownFileType = sourcecode.swift; path = URLSessionProtocol.swift; sourceTree = "<group>"; };
		567D1F3A296DA2DC00CAD71B /* ProductsResponse.swift */ = {isa = PBXFileReference; lastKnownFileType = sourcecode.swift; path = ProductsResponse.swift; sourceTree = "<group>"; };
		567D1F3C296DA37E00CAD71B /* ProductsAPIService.swift */ = {isa = PBXFileReference; lastKnownFileType = sourcecode.swift; path = ProductsAPIService.swift; sourceTree = "<group>"; };
		567D1F3E296DA41900CAD71B /* APIRequest.swift */ = {isa = PBXFileReference; lastKnownFileType = sourcecode.swift; path = APIRequest.swift; sourceTree = "<group>"; };
		567D1F42296DDBBF00CAD71B /* ProductsRepository.swift */ = {isa = PBXFileReference; lastKnownFileType = sourcecode.swift; path = ProductsRepository.swift; sourceTree = "<group>"; };
		567D1F47296DDC1000CAD71B /* ProductsRepositoryProtocol.swift */ = {isa = PBXFileReference; lastKnownFileType = sourcecode.swift; path = ProductsRepositoryProtocol.swift; sourceTree = "<group>"; };
		567D1F4C296DDDDC00CAD71B /* ProductsUseCase.swift */ = {isa = PBXFileReference; lastKnownFileType = sourcecode.swift; path = ProductsUseCase.swift; sourceTree = "<group>"; };
		567D1F4F296DDE3400CAD71B /* ProductsUseCaseProtocol.swift */ = {isa = PBXFileReference; lastKnownFileType = sourcecode.swift; path = ProductsUseCaseProtocol.swift; sourceTree = "<group>"; };
		567D1F58296DDF5700CAD71B /* AppCoordinator.swift */ = {isa = PBXFileReference; lastKnownFileType = sourcecode.swift; path = AppCoordinator.swift; sourceTree = "<group>"; };
		567D1F5E296DDFA800CAD71B /* HomeViewController.swift */ = {isa = PBXFileReference; lastKnownFileType = sourcecode.swift; path = HomeViewController.swift; sourceTree = "<group>"; };
		567D1F60296DDFC200CAD71B /* HomeCoordinator.swift */ = {isa = PBXFileReference; lastKnownFileType = sourcecode.swift; path = HomeCoordinator.swift; sourceTree = "<group>"; };
		567D1F62296DDFD000CAD71B /* HomeViewModel.swift */ = {isa = PBXFileReference; lastKnownFileType = sourcecode.swift; path = HomeViewModel.swift; sourceTree = "<group>"; };
		56E36CF2296C92CB000745E5 /* DigioStore.app */ = {isa = PBXFileReference; explicitFileType = wrapper.application; includeInIndex = 0; path = DigioStore.app; sourceTree = BUILT_PRODUCTS_DIR; };
		56E36CF5296C92CB000745E5 /* AppDelegate.swift */ = {isa = PBXFileReference; lastKnownFileType = sourcecode.swift; path = AppDelegate.swift; sourceTree = "<group>"; };
		56E36CFE296C92CC000745E5 /* Assets.xcassets */ = {isa = PBXFileReference; lastKnownFileType = folder.assetcatalog; path = Assets.xcassets; sourceTree = "<group>"; };
		56E36D01296C92CC000745E5 /* Base */ = {isa = PBXFileReference; lastKnownFileType = file.storyboard; name = Base; path = Base.lproj/LaunchScreen.storyboard; sourceTree = "<group>"; };
		56E36D08296C92CC000745E5 /* DigioStoreTests.xctest */ = {isa = PBXFileReference; explicitFileType = wrapper.cfbundle; includeInIndex = 0; path = DigioStoreTests.xctest; sourceTree = BUILT_PRODUCTS_DIR; };
		56E36D0C296C92CC000745E5 /* DigioStoreTests.swift */ = {isa = PBXFileReference; lastKnownFileType = sourcecode.swift; path = DigioStoreTests.swift; sourceTree = "<group>"; };
		56E36D12296C92CD000745E5 /* DigioStoreUITests.xctest */ = {isa = PBXFileReference; explicitFileType = wrapper.cfbundle; includeInIndex = 0; path = DigioStoreUITests.xctest; sourceTree = BUILT_PRODUCTS_DIR; };
		56E36D16296C92CD000745E5 /* DigioStoreUITests.swift */ = {isa = PBXFileReference; lastKnownFileType = sourcecode.swift; path = DigioStoreUITests.swift; sourceTree = "<group>"; };
		56E36D18296C92CD000745E5 /* DigioStoreUITestsLaunchTests.swift */ = {isa = PBXFileReference; lastKnownFileType = sourcecode.swift; path = DigioStoreUITestsLaunchTests.swift; sourceTree = "<group>"; };
/* End PBXFileReference section */

/* Begin PBXFrameworksBuildPhase section */
		56E36CEF296C92CB000745E5 /* Frameworks */ = {
			isa = PBXFrameworksBuildPhase;
			buildActionMask = 2147483647;
			files = (
				567D1F35296D9B2300CAD71B /* RxCocoa in Frameworks */,
				567D1F15296D898900CAD71B /* XCoordinatorRx in Frameworks */,
				567D1F39296D9B2300CAD71B /* RxSwift in Frameworks */,
				567D1F37296D9B2300CAD71B /* RxRelay in Frameworks */,
				567D1F13296D898900CAD71B /* XCoordinator in Frameworks */,
			);
			runOnlyForDeploymentPostprocessing = 0;
		};
		56E36D05296C92CC000745E5 /* Frameworks */ = {
			isa = PBXFrameworksBuildPhase;
			buildActionMask = 2147483647;
			files = (
			);
			runOnlyForDeploymentPostprocessing = 0;
		};
		56E36D0F296C92CD000745E5 /* Frameworks */ = {
			isa = PBXFrameworksBuildPhase;
			buildActionMask = 2147483647;
			files = (
			);
			runOnlyForDeploymentPostprocessing = 0;
		};
/* End PBXFrameworksBuildPhase section */

/* Begin PBXGroup section */
		567D1F0D296D892200CAD71B /* Application */ = {
			isa = PBXGroup;
			children = (
				56E36CF5296C92CB000745E5 /* AppDelegate.swift */,
			);
			path = Application;
			sourceTree = "<group>";
		};
		567D1F21296D89F900CAD71B /* Supporting Files */ = {
			isa = PBXGroup;
			children = (
				56E36D00296C92CC000745E5 /* LaunchScreen.storyboard */,
			);
			path = "Supporting Files";
			sourceTree = "<group>";
		};
		567D1F22296D8A2D00CAD71B /* Resources */ = {
			isa = PBXGroup;
			children = (
				56E36CFE296C92CC000745E5 /* Assets.xcassets */,
			);
			path = Resources;
			sourceTree = "<group>";
		};
		567D1F23296D8A4400CAD71B /* Infrastructure */ = {
			isa = PBXGroup;
			children = (
				567D1F24296D8A6000CAD71B /* Network */,
				567D1F2E296D924400CAD71B /* Extensions */,
			);
			path = Infrastructure;
			sourceTree = "<group>";
		};
		567D1F24296D8A6000CAD71B /* Network */ = {
			isa = PBXGroup;
			children = (
				567D1F25296D8B5400CAD71B /* Protocols */,
				567D1F26296D8B6100CAD71B /* Models */,
				567D1F28296D8B7900CAD71B /* Base */,
				567D1F29296D8B8500CAD71B /* Services */,
			);
			path = Network;
			sourceTree = "<group>";
		};
		567D1F25296D8B5400CAD71B /* Protocols */ = {
			isa = PBXGroup;
			children = (
				567D1F31296D9A8000CAD71B /* URLSessionProtocol.swift */,
			);
			path = Protocols;
			sourceTree = "<group>";
		};
		567D1F26296D8B6100CAD71B /* Models */ = {
			isa = PBXGroup;
			children = (
				567D1F27296D8B6E00CAD71B /* Response */,
			);
			path = Models;
			sourceTree = "<group>";
		};
		567D1F27296D8B6E00CAD71B /* Response */ = {
			isa = PBXGroup;
			children = (
				567D1F3A296DA2DC00CAD71B /* ProductsResponse.swift */,
			);
			path = Response;
			sourceTree = "<group>";
		};
		567D1F28296D8B7900CAD71B /* Base */ = {
			isa = PBXGroup;
			children = (
				567D1F2C296D919A00CAD71B /* ServiceAPICall.swift */,
				567D1F3E296DA41900CAD71B /* APIRequest.swift */,
			);
			path = Base;
			sourceTree = "<group>";
		};
		567D1F29296D8B8500CAD71B /* Services */ = {
			isa = PBXGroup;
			children = (
				567D1F3C296DA37E00CAD71B /* ProductsAPIService.swift */,
			);
			path = Services;
			sourceTree = "<group>";
		};
		567D1F2E296D924400CAD71B /* Extensions */ = {
			isa = PBXGroup;
			children = (
				567D1F2F296D925900CAD71B /* URLSession+Misc.swift */,
			);
			path = Extensions;
			sourceTree = "<group>";
		};
		567D1F40296DDB7100CAD71B /* Data */ = {
			isa = PBXGroup;
			children = (
				567D1F41296DDB7D00CAD71B /* Repositories */,
			);
			path = Data;
			sourceTree = "<group>";
		};
		567D1F41296DDB7D00CAD71B /* Repositories */ = {
			isa = PBXGroup;
			children = (
				567D1F42296DDBBF00CAD71B /* ProductsRepository.swift */,
			);
			path = Repositories;
			sourceTree = "<group>";
		};
		567D1F44296DDBEC00CAD71B /* Domain */ = {
			isa = PBXGroup;
			children = (
				567D1F4B296DDDB400CAD71B /* Entities */,
				567D1F4A296DDD9F00CAD71B /* UseCases */,
				567D1F45296DDBF600CAD71B /* Protocols */,
			);
			path = Domain;
			sourceTree = "<group>";
		};
		567D1F45296DDBF600CAD71B /* Protocols */ = {
			isa = PBXGroup;
			children = (
				567D1F49296DDC6A00CAD71B /* Network */,
				567D1F4E296DDE2700CAD71B /* UseCases */,
				567D1F46296DDC0100CAD71B /* Repositories */,
			);
			path = Protocols;
			sourceTree = "<group>";
		};
		567D1F46296DDC0100CAD71B /* Repositories */ = {
			isa = PBXGroup;
			children = (
				567D1F47296DDC1000CAD71B /* ProductsRepositoryProtocol.swift */,
			);
			path = Repositories;
			sourceTree = "<group>";
		};
		567D1F49296DDC6A00CAD71B /* Network */ = {
			isa = PBXGroup;
			children = (
				567D1F2A296D917200CAD71B /* NetworkError.swift */,
			);
			path = Network;
			sourceTree = "<group>";
		};
		567D1F4A296DDD9F00CAD71B /* UseCases */ = {
			isa = PBXGroup;
			children = (
				567D1F4C296DDDDC00CAD71B /* ProductsUseCase.swift */,
			);
			path = UseCases;
			sourceTree = "<group>";
		};
		567D1F4B296DDDB400CAD71B /* Entities */ = {
			isa = PBXGroup;
			children = (
			);
			path = Entities;
			sourceTree = "<group>";
		};
		567D1F4E296DDE2700CAD71B /* UseCases */ = {
			isa = PBXGroup;
			children = (
				567D1F4F296DDE3400CAD71B /* ProductsUseCaseProtocol.swift */,
			);
			path = UseCases;
			sourceTree = "<group>";
		};
		567D1F51296DDE5A00CAD71B /* Presentation */ = {
			isa = PBXGroup;
			children = (
				567D1F55296DDEB000CAD71B /* UI */,
				567D1F53296DDE8600CAD71B /* Features */,
				567D1F52296DDE7A00CAD71B /* Shared */,
				567D1F54296DDE8B00CAD71B /* Extensions */,
			);
			path = Presentation;
			sourceTree = "<group>";
		};
		567D1F52296DDE7A00CAD71B /* Shared */ = {
			isa = PBXGroup;
			children = (
				567D1F57296DDF4200CAD71B /* Coordinator */,
				567D1F56296DDEBF00CAD71B /* Protocols */,
			);
			path = Shared;
			sourceTree = "<group>";
		};
		567D1F53296DDE8600CAD71B /* Features */ = {
			isa = PBXGroup;
			children = (
				567D1F5A296DDF7300CAD71B /* Home */,
			);
			path = Features;
			sourceTree = "<group>";
		};
		567D1F54296DDE8B00CAD71B /* Extensions */ = {
			isa = PBXGroup;
			children = (
			);
			path = Extensions;
			sourceTree = "<group>";
		};
		567D1F55296DDEB000CAD71B /* UI */ = {
			isa = PBXGroup;
			children = (
			);
			path = UI;
			sourceTree = "<group>";
		};
		567D1F56296DDEBF00CAD71B /* Protocols */ = {
			isa = PBXGroup;
			children = (
			);
			path = Protocols;
			sourceTree = "<group>";
		};
		567D1F57296DDF4200CAD71B /* Coordinator */ = {
			isa = PBXGroup;
			children = (
				567D1F58296DDF5700CAD71B /* AppCoordinator.swift */,
			);
			path = Coordinator;
			sourceTree = "<group>";
		};
		567D1F5A296DDF7300CAD71B /* Home */ = {
			isa = PBXGroup;
			children = (
				567D1F5D296DDF9700CAD71B /* ViewController */,
				567D1F5C296DDF9300CAD71B /* ViewModel */,
				567D1F5B296DDF8D00CAD71B /* Coordinator */,
			);
			path = Home;
			sourceTree = "<group>";
		};
		567D1F5B296DDF8D00CAD71B /* Coordinator */ = {
			isa = PBXGroup;
			children = (
				567D1F60296DDFC200CAD71B /* HomeCoordinator.swift */,
			);
			path = Coordinator;
			sourceTree = "<group>";
		};
		567D1F5C296DDF9300CAD71B /* ViewModel */ = {
			isa = PBXGroup;
			children = (
				567D1F62296DDFD000CAD71B /* HomeViewModel.swift */,
			);
			path = ViewModel;
			sourceTree = "<group>";
		};
		567D1F5D296DDF9700CAD71B /* ViewController */ = {
			isa = PBXGroup;
			children = (
				567D1F5E296DDFA800CAD71B /* HomeViewController.swift */,
			);
			path = ViewController;
			sourceTree = "<group>";
		};
		56E36CE9296C92CB000745E5 = {
			isa = PBXGroup;
			children = (
				56E36CF4296C92CB000745E5 /* DigioStore */,
				56E36D0B296C92CC000745E5 /* DigioStoreTests */,
				56E36D15296C92CD000745E5 /* DigioStoreUITests */,
				56E36CF3296C92CB000745E5 /* Products */,
			);
			sourceTree = "<group>";
		};
		56E36CF3296C92CB000745E5 /* Products */ = {
			isa = PBXGroup;
			children = (
				56E36CF2296C92CB000745E5 /* DigioStore.app */,
				56E36D08296C92CC000745E5 /* DigioStoreTests.xctest */,
				56E36D12296C92CD000745E5 /* DigioStoreUITests.xctest */,
			);
			name = Products;
			sourceTree = "<group>";
		};
		56E36CF4296C92CB000745E5 /* DigioStore */ = {
			isa = PBXGroup;
			children = (
				567D1F0D296D892200CAD71B /* Application */,
				567D1F23296D8A4400CAD71B /* Infrastructure */,
				567D1F40296DDB7100CAD71B /* Data */,
				567D1F44296DDBEC00CAD71B /* Domain */,
				567D1F51296DDE5A00CAD71B /* Presentation */,
				567D1F22296D8A2D00CAD71B /* Resources */,
				567D1F21296D89F900CAD71B /* Supporting Files */,
			);
			path = DigioStore;
			sourceTree = "<group>";
		};
		56E36D0B296C92CC000745E5 /* DigioStoreTests */ = {
			isa = PBXGroup;
			children = (
				56E36D0C296C92CC000745E5 /* DigioStoreTests.swift */,
			);
			path = DigioStoreTests;
			sourceTree = "<group>";
		};
		56E36D15296C92CD000745E5 /* DigioStoreUITests */ = {
			isa = PBXGroup;
			children = (
				56E36D16296C92CD000745E5 /* DigioStoreUITests.swift */,
				56E36D18296C92CD000745E5 /* DigioStoreUITestsLaunchTests.swift */,
			);
			path = DigioStoreUITests;
			sourceTree = "<group>";
		};
/* End PBXGroup section */

/* Begin PBXNativeTarget section */
		56E36CF1296C92CB000745E5 /* DigioStore */ = {
			isa = PBXNativeTarget;
			buildConfigurationList = 56E36D1C296C92CD000745E5 /* Build configuration list for PBXNativeTarget "DigioStore" */;
			buildPhases = (
				56F2C0DB296CAB4A002317ED /* Lint Script */,
				56E36CEE296C92CB000745E5 /* Sources */,
				56E36CEF296C92CB000745E5 /* Frameworks */,
				56E36CF0296C92CB000745E5 /* Resources */,
			);
			buildRules = (
			);
			dependencies = (
			);
			name = DigioStore;
			packageProductDependencies = (
				567D1F12296D898900CAD71B /* XCoordinator */,
				567D1F14296D898900CAD71B /* XCoordinatorRx */,
				567D1F34296D9B2300CAD71B /* RxCocoa */,
				567D1F36296D9B2300CAD71B /* RxRelay */,
				567D1F38296D9B2300CAD71B /* RxSwift */,
			);
			productName = DigioStore;
			productReference = 56E36CF2296C92CB000745E5 /* DigioStore.app */;
			productType = "com.apple.product-type.application";
		};
		56E36D07296C92CC000745E5 /* DigioStoreTests */ = {
			isa = PBXNativeTarget;
			buildConfigurationList = 56E36D1F296C92CD000745E5 /* Build configuration list for PBXNativeTarget "DigioStoreTests" */;
			buildPhases = (
				56E36D04296C92CC000745E5 /* Sources */,
				56E36D05296C92CC000745E5 /* Frameworks */,
				56E36D06296C92CC000745E5 /* Resources */,
			);
			buildRules = (
			);
			dependencies = (
				56E36D0A296C92CC000745E5 /* PBXTargetDependency */,
			);
			name = DigioStoreTests;
			productName = DigioStoreTests;
			productReference = 56E36D08296C92CC000745E5 /* DigioStoreTests.xctest */;
			productType = "com.apple.product-type.bundle.unit-test";
		};
		56E36D11296C92CD000745E5 /* DigioStoreUITests */ = {
			isa = PBXNativeTarget;
			buildConfigurationList = 56E36D22296C92CD000745E5 /* Build configuration list for PBXNativeTarget "DigioStoreUITests" */;
			buildPhases = (
				56E36D0E296C92CD000745E5 /* Sources */,
				56E36D0F296C92CD000745E5 /* Frameworks */,
				56E36D10296C92CD000745E5 /* Resources */,
			);
			buildRules = (
			);
			dependencies = (
				56E36D14296C92CD000745E5 /* PBXTargetDependency */,
			);
			name = DigioStoreUITests;
			productName = DigioStoreUITests;
			productReference = 56E36D12296C92CD000745E5 /* DigioStoreUITests.xctest */;
			productType = "com.apple.product-type.bundle.ui-testing";
		};
/* End PBXNativeTarget section */

/* Begin PBXProject section */
		56E36CEA296C92CB000745E5 /* Project object */ = {
			isa = PBXProject;
			attributes = {
				BuildIndependentTargetsInParallel = 1;
				LastSwiftUpdateCheck = 1420;
				LastUpgradeCheck = 1420;
				TargetAttributes = {
					56E36CF1296C92CB000745E5 = {
						CreatedOnToolsVersion = 14.2;
					};
					56E36D07296C92CC000745E5 = {
						CreatedOnToolsVersion = 14.2;
						TestTargetID = 56E36CF1296C92CB000745E5;
					};
					56E36D11296C92CD000745E5 = {
						CreatedOnToolsVersion = 14.2;
						TestTargetID = 56E36CF1296C92CB000745E5;
					};
				};
			};
			buildConfigurationList = 56E36CED296C92CB000745E5 /* Build configuration list for PBXProject "DigioStore" */;
			compatibilityVersion = "Xcode 14.0";
			developmentRegion = en;
			hasScannedForEncodings = 0;
			knownRegions = (
				en,
				Base,
			);
			mainGroup = 56E36CE9296C92CB000745E5;
			packageReferences = (
				567D1F11296D898900CAD71B /* XCRemoteSwiftPackageReference "XCoordinator" */,
				567D1F33296D9B2300CAD71B /* XCRemoteSwiftPackageReference "RxSwift" */,
			);
			productRefGroup = 56E36CF3296C92CB000745E5 /* Products */;
			projectDirPath = "";
			projectRoot = "";
			targets = (
				56E36CF1296C92CB000745E5 /* DigioStore */,
				56E36D07296C92CC000745E5 /* DigioStoreTests */,
				56E36D11296C92CD000745E5 /* DigioStoreUITests */,
			);
		};
/* End PBXProject section */

/* Begin PBXResourcesBuildPhase section */
		56E36CF0296C92CB000745E5 /* Resources */ = {
			isa = PBXResourcesBuildPhase;
			buildActionMask = 2147483647;
			files = (
				56E36D02296C92CC000745E5 /* LaunchScreen.storyboard in Resources */,
				56E36CFF296C92CC000745E5 /* Assets.xcassets in Resources */,
			);
			runOnlyForDeploymentPostprocessing = 0;
		};
		56E36D06296C92CC000745E5 /* Resources */ = {
			isa = PBXResourcesBuildPhase;
			buildActionMask = 2147483647;
			files = (
			);
			runOnlyForDeploymentPostprocessing = 0;
		};
		56E36D10296C92CD000745E5 /* Resources */ = {
			isa = PBXResourcesBuildPhase;
			buildActionMask = 2147483647;
			files = (
			);
			runOnlyForDeploymentPostprocessing = 0;
		};
/* End PBXResourcesBuildPhase section */

/* Begin PBXShellScriptBuildPhase section */
		56F2C0DB296CAB4A002317ED /* Lint Script */ = {
			isa = PBXShellScriptBuildPhase;
			alwaysOutOfDate = 1;
			buildActionMask = 2147483647;
			files = (
			);
			inputFileListPaths = (
			);
			inputPaths = (
			);
			name = "Lint Script";
			outputFileListPaths = (
			);
			outputPaths = (
			);
			runOnlyForDeploymentPostprocessing = 0;
			shellPath = /bin/sh;
			shellScript = "Scripts/lint.sh\n";
		};
/* End PBXShellScriptBuildPhase section */

/* Begin PBXSourcesBuildPhase section */
		56E36CEE296C92CB000745E5 /* Sources */ = {
			isa = PBXSourcesBuildPhase;
			buildActionMask = 2147483647;
			files = (
				567D1F4D296DDDDC00CAD71B /* ProductsUseCase.swift in Sources */,
				567D1F43296DDBBF00CAD71B /* ProductsRepository.swift in Sources */,
				567D1F61296DDFC200CAD71B /* HomeCoordinator.swift in Sources */,
				567D1F63296DDFD000CAD71B /* HomeViewModel.swift in Sources */,
				567D1F59296DDF5700CAD71B /* AppCoordinator.swift in Sources */,
				567D1F3D296DA37E00CAD71B /* ProductsAPIService.swift in Sources */,
				567D1F50296DDE3400CAD71B /* ProductsUseCaseProtocol.swift in Sources */,
				567D1F5F296DDFA800CAD71B /* HomeViewController.swift in Sources */,
				567D1F32296D9A8000CAD71B /* URLSessionProtocol.swift in Sources */,
				56E36CF6296C92CB000745E5 /* AppDelegate.swift in Sources */,
				567D1F2D296D919A00CAD71B /* ServiceAPICall.swift in Sources */,
				567D1F30296D925900CAD71B /* URLSession+Misc.swift in Sources */,
				567D1F3B296DA2DC00CAD71B /* ProductsResponse.swift in Sources */,
				567D1F3F296DA41900CAD71B /* APIRequest.swift in Sources */,
				567D1F48296DDC1000CAD71B /* ProductsRepositoryProtocol.swift in Sources */,
				567D1F2B296D917200CAD71B /* NetworkError.swift in Sources */,
			);
			runOnlyForDeploymentPostprocessing = 0;
		};
		56E36D04296C92CC000745E5 /* Sources */ = {
			isa = PBXSourcesBuildPhase;
			buildActionMask = 2147483647;
			files = (
				56E36D0D296C92CC000745E5 /* DigioStoreTests.swift in Sources */,
			);
			runOnlyForDeploymentPostprocessing = 0;
		};
		56E36D0E296C92CD000745E5 /* Sources */ = {
			isa = PBXSourcesBuildPhase;
			buildActionMask = 2147483647;
			files = (
				56E36D17296C92CD000745E5 /* DigioStoreUITests.swift in Sources */,
				56E36D19296C92CD000745E5 /* DigioStoreUITestsLaunchTests.swift in Sources */,
			);
			runOnlyForDeploymentPostprocessing = 0;
		};
/* End PBXSourcesBuildPhase section */

/* Begin PBXTargetDependency section */
		56E36D0A296C92CC000745E5 /* PBXTargetDependency */ = {
			isa = PBXTargetDependency;
			target = 56E36CF1296C92CB000745E5 /* DigioStore */;
			targetProxy = 56E36D09296C92CC000745E5 /* PBXContainerItemProxy */;
		};
		56E36D14296C92CD000745E5 /* PBXTargetDependency */ = {
			isa = PBXTargetDependency;
			target = 56E36CF1296C92CB000745E5 /* DigioStore */;
			targetProxy = 56E36D13296C92CD000745E5 /* PBXContainerItemProxy */;
		};
/* End PBXTargetDependency section */

/* Begin PBXVariantGroup section */
		56E36D00296C92CC000745E5 /* LaunchScreen.storyboard */ = {
			isa = PBXVariantGroup;
			children = (
				56E36D01296C92CC000745E5 /* Base */,
			);
			name = LaunchScreen.storyboard;
			sourceTree = "<group>";
		};
/* End PBXVariantGroup section */

/* Begin XCBuildConfiguration section */
		56E36D1A296C92CD000745E5 /* Debug */ = {
			isa = XCBuildConfiguration;
			buildSettings = {
				ALWAYS_SEARCH_USER_PATHS = NO;
				CLANG_ANALYZER_NONNULL = YES;
				CLANG_ANALYZER_NUMBER_OBJECT_CONVERSION = YES_AGGRESSIVE;
				CLANG_CXX_LANGUAGE_STANDARD = "gnu++20";
				CLANG_ENABLE_MODULES = YES;
				CLANG_ENABLE_OBJC_ARC = YES;
				CLANG_ENABLE_OBJC_WEAK = YES;
				CLANG_WARN_BLOCK_CAPTURE_AUTORELEASING = YES;
				CLANG_WARN_BOOL_CONVERSION = YES;
				CLANG_WARN_COMMA = YES;
				CLANG_WARN_CONSTANT_CONVERSION = YES;
				CLANG_WARN_DEPRECATED_OBJC_IMPLEMENTATIONS = YES;
				CLANG_WARN_DIRECT_OBJC_ISA_USAGE = YES_ERROR;
				CLANG_WARN_DOCUMENTATION_COMMENTS = YES;
				CLANG_WARN_EMPTY_BODY = YES;
				CLANG_WARN_ENUM_CONVERSION = YES;
				CLANG_WARN_INFINITE_RECURSION = YES;
				CLANG_WARN_INT_CONVERSION = YES;
				CLANG_WARN_NON_LITERAL_NULL_CONVERSION = YES;
				CLANG_WARN_OBJC_IMPLICIT_RETAIN_SELF = YES;
				CLANG_WARN_OBJC_LITERAL_CONVERSION = YES;
				CLANG_WARN_OBJC_ROOT_CLASS = YES_ERROR;
				CLANG_WARN_QUOTED_INCLUDE_IN_FRAMEWORK_HEADER = YES;
				CLANG_WARN_RANGE_LOOP_ANALYSIS = YES;
				CLANG_WARN_STRICT_PROTOTYPES = YES;
				CLANG_WARN_SUSPICIOUS_MOVE = YES;
				CLANG_WARN_UNGUARDED_AVAILABILITY = YES_AGGRESSIVE;
				CLANG_WARN_UNREACHABLE_CODE = YES;
				CLANG_WARN__DUPLICATE_METHOD_MATCH = YES;
				COPY_PHASE_STRIP = NO;
				DEBUG_INFORMATION_FORMAT = dwarf;
				ENABLE_STRICT_OBJC_MSGSEND = YES;
				ENABLE_TESTABILITY = YES;
				GCC_C_LANGUAGE_STANDARD = gnu11;
				GCC_DYNAMIC_NO_PIC = NO;
				GCC_NO_COMMON_BLOCKS = YES;
				GCC_OPTIMIZATION_LEVEL = 0;
				GCC_PREPROCESSOR_DEFINITIONS = (
					"DEBUG=1",
					"$(inherited)",
				);
				GCC_WARN_64_TO_32_BIT_CONVERSION = YES;
				GCC_WARN_ABOUT_RETURN_TYPE = YES_ERROR;
				GCC_WARN_UNDECLARED_SELECTOR = YES;
				GCC_WARN_UNINITIALIZED_AUTOS = YES_AGGRESSIVE;
				GCC_WARN_UNUSED_FUNCTION = YES;
				GCC_WARN_UNUSED_VARIABLE = YES;
				IPHONEOS_DEPLOYMENT_TARGET = 16.2;
				MTL_ENABLE_DEBUG_INFO = INCLUDE_SOURCE;
				MTL_FAST_MATH = YES;
				ONLY_ACTIVE_ARCH = YES;
				SDKROOT = iphoneos;
				SWIFT_ACTIVE_COMPILATION_CONDITIONS = DEBUG;
				SWIFT_OPTIMIZATION_LEVEL = "-Onone";
			};
			name = Debug;
		};
		56E36D1B296C92CD000745E5 /* Release */ = {
			isa = XCBuildConfiguration;
			buildSettings = {
				ALWAYS_SEARCH_USER_PATHS = NO;
				CLANG_ANALYZER_NONNULL = YES;
				CLANG_ANALYZER_NUMBER_OBJECT_CONVERSION = YES_AGGRESSIVE;
				CLANG_CXX_LANGUAGE_STANDARD = "gnu++20";
				CLANG_ENABLE_MODULES = YES;
				CLANG_ENABLE_OBJC_ARC = YES;
				CLANG_ENABLE_OBJC_WEAK = YES;
				CLANG_WARN_BLOCK_CAPTURE_AUTORELEASING = YES;
				CLANG_WARN_BOOL_CONVERSION = YES;
				CLANG_WARN_COMMA = YES;
				CLANG_WARN_CONSTANT_CONVERSION = YES;
				CLANG_WARN_DEPRECATED_OBJC_IMPLEMENTATIONS = YES;
				CLANG_WARN_DIRECT_OBJC_ISA_USAGE = YES_ERROR;
				CLANG_WARN_DOCUMENTATION_COMMENTS = YES;
				CLANG_WARN_EMPTY_BODY = YES;
				CLANG_WARN_ENUM_CONVERSION = YES;
				CLANG_WARN_INFINITE_RECURSION = YES;
				CLANG_WARN_INT_CONVERSION = YES;
				CLANG_WARN_NON_LITERAL_NULL_CONVERSION = YES;
				CLANG_WARN_OBJC_IMPLICIT_RETAIN_SELF = YES;
				CLANG_WARN_OBJC_LITERAL_CONVERSION = YES;
				CLANG_WARN_OBJC_ROOT_CLASS = YES_ERROR;
				CLANG_WARN_QUOTED_INCLUDE_IN_FRAMEWORK_HEADER = YES;
				CLANG_WARN_RANGE_LOOP_ANALYSIS = YES;
				CLANG_WARN_STRICT_PROTOTYPES = YES;
				CLANG_WARN_SUSPICIOUS_MOVE = YES;
				CLANG_WARN_UNGUARDED_AVAILABILITY = YES_AGGRESSIVE;
				CLANG_WARN_UNREACHABLE_CODE = YES;
				CLANG_WARN__DUPLICATE_METHOD_MATCH = YES;
				COPY_PHASE_STRIP = NO;
				DEBUG_INFORMATION_FORMAT = "dwarf-with-dsym";
				ENABLE_NS_ASSERTIONS = NO;
				ENABLE_STRICT_OBJC_MSGSEND = YES;
				GCC_C_LANGUAGE_STANDARD = gnu11;
				GCC_NO_COMMON_BLOCKS = YES;
				GCC_WARN_64_TO_32_BIT_CONVERSION = YES;
				GCC_WARN_ABOUT_RETURN_TYPE = YES_ERROR;
				GCC_WARN_UNDECLARED_SELECTOR = YES;
				GCC_WARN_UNINITIALIZED_AUTOS = YES_AGGRESSIVE;
				GCC_WARN_UNUSED_FUNCTION = YES;
				GCC_WARN_UNUSED_VARIABLE = YES;
				IPHONEOS_DEPLOYMENT_TARGET = 16.2;
				MTL_ENABLE_DEBUG_INFO = NO;
				MTL_FAST_MATH = YES;
				SDKROOT = iphoneos;
				SWIFT_COMPILATION_MODE = wholemodule;
				SWIFT_OPTIMIZATION_LEVEL = "-O";
				VALIDATE_PRODUCT = YES;
			};
			name = Release;
		};
		56E36D1D296C92CD000745E5 /* Debug */ = {
			isa = XCBuildConfiguration;
			buildSettings = {
				ASSETCATALOG_COMPILER_APPICON_NAME = AppIcon;
				ASSETCATALOG_COMPILER_GLOBAL_ACCENT_COLOR_NAME = AccentColor;
				CODE_SIGN_STYLE = Automatic;
				CURRENT_PROJECT_VERSION = 1;
				DEVELOPMENT_TEAM = K992HP865M;
				GENERATE_INFOPLIST_FILE = YES;
				INFOPLIST_KEY_LSApplicationCategoryType = "public.app-category.finance";
				INFOPLIST_KEY_UIApplicationSupportsIndirectInputEvents = YES;
				INFOPLIST_KEY_UILaunchStoryboardName = LaunchScreen;
				INFOPLIST_KEY_UISupportedInterfaceOrientations = UIInterfaceOrientationPortrait;
				INFOPLIST_KEY_UISupportedInterfaceOrientations_iPad = "UIInterfaceOrientationLandscapeLeft UIInterfaceOrientationLandscapeRight UIInterfaceOrientationPortrait UIInterfaceOrientationPortraitUpsideDown";
				INFOPLIST_KEY_UIUserInterfaceStyle = Light;
				IPHONEOS_DEPLOYMENT_TARGET = 12.0;
				LD_RUNPATH_SEARCH_PATHS = (
					"$(inherited)",
					"@executable_path/Frameworks",
				);
				MARKETING_VERSION = 1.0;
				PRODUCT_BUNDLE_IDENTIFIER = com.ruyther.DigioStore;
				PRODUCT_NAME = "$(TARGET_NAME)";
				SUPPORTED_PLATFORMS = "iphoneos iphonesimulator";
				SUPPORTS_MACCATALYST = NO;
				SUPPORTS_MAC_DESIGNED_FOR_IPHONE_IPAD = NO;
				SWIFT_EMIT_LOC_STRINGS = YES;
				SWIFT_VERSION = 5.0;
				TARGETED_DEVICE_FAMILY = 1;
			};
			name = Debug;
		};
		56E36D1E296C92CD000745E5 /* Release */ = {
			isa = XCBuildConfiguration;
			buildSettings = {
				ASSETCATALOG_COMPILER_APPICON_NAME = AppIcon;
				ASSETCATALOG_COMPILER_GLOBAL_ACCENT_COLOR_NAME = AccentColor;
				CODE_SIGN_STYLE = Automatic;
				CURRENT_PROJECT_VERSION = 1;
				DEVELOPMENT_TEAM = K992HP865M;
				GENERATE_INFOPLIST_FILE = YES;
				INFOPLIST_KEY_LSApplicationCategoryType = "public.app-category.finance";
				INFOPLIST_KEY_UIApplicationSupportsIndirectInputEvents = YES;
				INFOPLIST_KEY_UILaunchStoryboardName = LaunchScreen;
				INFOPLIST_KEY_UISupportedInterfaceOrientations = UIInterfaceOrientationPortrait;
				INFOPLIST_KEY_UISupportedInterfaceOrientations_iPad = "UIInterfaceOrientationLandscapeLeft UIInterfaceOrientationLandscapeRight UIInterfaceOrientationPortrait UIInterfaceOrientationPortraitUpsideDown";
				INFOPLIST_KEY_UIUserInterfaceStyle = Light;
				IPHONEOS_DEPLOYMENT_TARGET = 12.0;
				LD_RUNPATH_SEARCH_PATHS = (
					"$(inherited)",
					"@executable_path/Frameworks",
				);
				MARKETING_VERSION = 1.0;
				PRODUCT_BUNDLE_IDENTIFIER = com.ruyther.DigioStore;
				PRODUCT_NAME = "$(TARGET_NAME)";
				SUPPORTED_PLATFORMS = "iphoneos iphonesimulator";
				SUPPORTS_MACCATALYST = NO;
				SUPPORTS_MAC_DESIGNED_FOR_IPHONE_IPAD = NO;
				SWIFT_EMIT_LOC_STRINGS = YES;
				SWIFT_VERSION = 5.0;
				TARGETED_DEVICE_FAMILY = 1;
			};
			name = Release;
		};
		56E36D20296C92CD000745E5 /* Debug */ = {
			isa = XCBuildConfiguration;
			buildSettings = {
				ALWAYS_EMBED_SWIFT_STANDARD_LIBRARIES = YES;
				BUNDLE_LOADER = "$(TEST_HOST)";
				CODE_SIGN_STYLE = Automatic;
				CURRENT_PROJECT_VERSION = 1;
				DEVELOPMENT_TEAM = K992HP865M;
				GENERATE_INFOPLIST_FILE = YES;
				IPHONEOS_DEPLOYMENT_TARGET = 16.2;
				MARKETING_VERSION = 1.0;
				PRODUCT_BUNDLE_IDENTIFIER = com.ruyther.DigioStoreTests;
				PRODUCT_NAME = "$(TARGET_NAME)";
				SWIFT_EMIT_LOC_STRINGS = NO;
				SWIFT_VERSION = 5.0;
				TARGETED_DEVICE_FAMILY = "1,2";
				TEST_HOST = "$(BUILT_PRODUCTS_DIR)/DigioStore.app/$(BUNDLE_EXECUTABLE_FOLDER_PATH)/DigioStore";
			};
			name = Debug;
		};
		56E36D21296C92CD000745E5 /* Release */ = {
			isa = XCBuildConfiguration;
			buildSettings = {
				ALWAYS_EMBED_SWIFT_STANDARD_LIBRARIES = YES;
				BUNDLE_LOADER = "$(TEST_HOST)";
				CODE_SIGN_STYLE = Automatic;
				CURRENT_PROJECT_VERSION = 1;
				DEVELOPMENT_TEAM = K992HP865M;
				GENERATE_INFOPLIST_FILE = YES;
				IPHONEOS_DEPLOYMENT_TARGET = 16.2;
				MARKETING_VERSION = 1.0;
				PRODUCT_BUNDLE_IDENTIFIER = com.ruyther.DigioStoreTests;
				PRODUCT_NAME = "$(TARGET_NAME)";
				SWIFT_EMIT_LOC_STRINGS = NO;
				SWIFT_VERSION = 5.0;
				TARGETED_DEVICE_FAMILY = "1,2";
				TEST_HOST = "$(BUILT_PRODUCTS_DIR)/DigioStore.app/$(BUNDLE_EXECUTABLE_FOLDER_PATH)/DigioStore";
			};
			name = Release;
		};
		56E36D23296C92CD000745E5 /* Debug */ = {
			isa = XCBuildConfiguration;
			buildSettings = {
				ALWAYS_EMBED_SWIFT_STANDARD_LIBRARIES = YES;
				CODE_SIGN_STYLE = Automatic;
				CURRENT_PROJECT_VERSION = 1;
				DEVELOPMENT_TEAM = K992HP865M;
				GENERATE_INFOPLIST_FILE = YES;
				MARKETING_VERSION = 1.0;
				PRODUCT_BUNDLE_IDENTIFIER = com.ruyther.DigioStoreUITests;
				PRODUCT_NAME = "$(TARGET_NAME)";
				SWIFT_EMIT_LOC_STRINGS = NO;
				SWIFT_VERSION = 5.0;
				TARGETED_DEVICE_FAMILY = "1,2";
				TEST_TARGET_NAME = DigioStore;
			};
			name = Debug;
		};
		56E36D24296C92CD000745E5 /* Release */ = {
			isa = XCBuildConfiguration;
			buildSettings = {
				ALWAYS_EMBED_SWIFT_STANDARD_LIBRARIES = YES;
				CODE_SIGN_STYLE = Automatic;
				CURRENT_PROJECT_VERSION = 1;
				DEVELOPMENT_TEAM = K992HP865M;
				GENERATE_INFOPLIST_FILE = YES;
				MARKETING_VERSION = 1.0;
				PRODUCT_BUNDLE_IDENTIFIER = com.ruyther.DigioStoreUITests;
				PRODUCT_NAME = "$(TARGET_NAME)";
				SWIFT_EMIT_LOC_STRINGS = NO;
				SWIFT_VERSION = 5.0;
				TARGETED_DEVICE_FAMILY = "1,2";
				TEST_TARGET_NAME = DigioStore;
			};
			name = Release;
		};
/* End XCBuildConfiguration section */

/* Begin XCConfigurationList section */
		56E36CED296C92CB000745E5 /* Build configuration list for PBXProject "DigioStore" */ = {
			isa = XCConfigurationList;
			buildConfigurations = (
				56E36D1A296C92CD000745E5 /* Debug */,
				56E36D1B296C92CD000745E5 /* Release */,
			);
			defaultConfigurationIsVisible = 0;
			defaultConfigurationName = Release;
		};
		56E36D1C296C92CD000745E5 /* Build configuration list for PBXNativeTarget "DigioStore" */ = {
			isa = XCConfigurationList;
			buildConfigurations = (
				56E36D1D296C92CD000745E5 /* Debug */,
				56E36D1E296C92CD000745E5 /* Release */,
			);
			defaultConfigurationIsVisible = 0;
			defaultConfigurationName = Release;
		};
		56E36D1F296C92CD000745E5 /* Build configuration list for PBXNativeTarget "DigioStoreTests" */ = {
			isa = XCConfigurationList;
			buildConfigurations = (
				56E36D20296C92CD000745E5 /* Debug */,
				56E36D21296C92CD000745E5 /* Release */,
			);
			defaultConfigurationIsVisible = 0;
			defaultConfigurationName = Release;
		};
		56E36D22296C92CD000745E5 /* Build configuration list for PBXNativeTarget "DigioStoreUITests" */ = {
			isa = XCConfigurationList;
			buildConfigurations = (
				56E36D23296C92CD000745E5 /* Debug */,
				56E36D24296C92CD000745E5 /* Release */,
			);
			defaultConfigurationIsVisible = 0;
			defaultConfigurationName = Release;
		};
/* End XCConfigurationList section */

/* Begin XCRemoteSwiftPackageReference section */
		567D1F11296D898900CAD71B /* XCRemoteSwiftPackageReference "XCoordinator" */ = {
			isa = XCRemoteSwiftPackageReference;
			repositoryURL = "https://github.com/quickbirdstudios/XCoordinator.git";
			requirement = {
				kind = upToNextMajorVersion;
				minimumVersion = 2.0.0;
			};
		};
		567D1F33296D9B2300CAD71B /* XCRemoteSwiftPackageReference "RxSwift" */ = {
			isa = XCRemoteSwiftPackageReference;
			repositoryURL = "https://github.com/ReactiveX/RxSwift";
			requirement = {
				branch = main;
				kind = branch;
			};
		};
/* End XCRemoteSwiftPackageReference section */

/* Begin XCSwiftPackageProductDependency section */
		567D1F12296D898900CAD71B /* XCoordinator */ = {
			isa = XCSwiftPackageProductDependency;
			package = 567D1F11296D898900CAD71B /* XCRemoteSwiftPackageReference "XCoordinator" */;
			productName = XCoordinator;
		};
		567D1F14296D898900CAD71B /* XCoordinatorRx */ = {
			isa = XCSwiftPackageProductDependency;
			package = 567D1F11296D898900CAD71B /* XCRemoteSwiftPackageReference "XCoordinator" */;
			productName = XCoordinatorRx;
		};
		567D1F34296D9B2300CAD71B /* RxCocoa */ = {
			isa = XCSwiftPackageProductDependency;
			package = 567D1F33296D9B2300CAD71B /* XCRemoteSwiftPackageReference "RxSwift" */;
			productName = RxCocoa;
		};
		567D1F36296D9B2300CAD71B /* RxRelay */ = {
			isa = XCSwiftPackageProductDependency;
			package = 567D1F33296D9B2300CAD71B /* XCRemoteSwiftPackageReference "RxSwift" */;
			productName = RxRelay;
		};
		567D1F38296D9B2300CAD71B /* RxSwift */ = {
			isa = XCSwiftPackageProductDependency;
			package = 567D1F33296D9B2300CAD71B /* XCRemoteSwiftPackageReference "RxSwift" */;
			productName = RxSwift;
		};
/* End XCSwiftPackageProductDependency section */
	};
	rootObject = 56E36CEA296C92CB000745E5 /* Project object */;
}
